Microsoft Visual Studio Solution File, Format Version 11.00
# Visual Studio 2008

Project("{DC0A8140-79EF-0A8F-0FD3-8B353FCA1903}") = "movement-2d", "Assembly-CSharp-firstpass.csproj", "{EFE1E11D-2779-B2C8-8A89-76B163C137EE}"
EndProject
Project("{DC0A8140-79EF-0A8F-0FD3-8B353FCA1903}") = "movement-2d", "Assembly-CSharp-Editor-firstpass.csproj", "{87B988C3-95CD-FC21-E439-D64BCDC49144}"
EndProject
Project("{DC0A8140-79EF-0A8F-0FD3-8B353FCA1903}") = "movement-2d", "Assembly-UnityScript.unityproj", "{29FBD1AF-F2A5-A126-CBD3-B9114A41096E}"
EndProject
Global
	GlobalSection(SolutionConfigurationPlatforms) = preSolution
		Debug|Any CPU = Debug|Any CPU
		Release|Any CPU = Release|Any CPU
	EndGlobalSection
	GlobalSection(ProjectConfigurationPlatforms) = postSolution
		{EFE1E11D-2779-B2C8-8A89-76B163C137EE}.Debug|Any CPU.ActiveCfg = Debug|Any CPU
		{EFE1E11D-2779-B2C8-8A89-76B163C137EE}.Debug|Any CPU.Build.0 = Debug|Any CPU
		{EFE1E11D-2779-B2C8-8A89-76B163C137EE}.Release|Any CPU.ActiveCfg = Release|Any CPU
		{EFE1E11D-2779-B2C8-8A89-76B163C137EE}.Release|Any CPU.Build.0 = Release|Any CPU
		{87B988C3-95CD-FC21-E439-D64BCDC49144}.Debug|Any CPU.ActiveCfg = Debug|Any CPU
		{87B988C3-95CD-FC21-E439-D64BCDC49144}.Debug|Any CPU.Build.0 = Debug|Any CPU
		{87B988C3-95CD-FC21-E439-D64BCDC49144}.Release|Any CPU.ActiveCfg = Release|Any CPU
		{87B988C3-95CD-FC21-E439-D64BCDC49144}.Release|Any CPU.Build.0 = Release|Any CPU
		{29FBD1AF-F2A5-A126-CBD3-B9114A41096E}.Debug|Any CPU.ActiveCfg = Debug|Any CPU
		{29FBD1AF-F2A5-A126-CBD3-B9114A41096E}.Debug|Any CPU.Build.0 = Debug|Any CPU
		{29FBD1AF-F2A5-A126-CBD3-B9114A41096E}.Release|Any CPU.ActiveCfg = Release|Any CPU
		{29FBD1AF-F2A5-A126-CBD3-B9114A41096E}.Release|Any CPU.Build.0 = Release|Any CPU
	EndGlobalSection
	GlobalSection(SolutionProperties) = preSolution
		HideSolutionNode = FALSE
	EndGlobalSection
			GlobalSection(MonoDevelopProperties) = preSolution
		StartupItem = Assembly-CSharp.csproj
		Policies = $0
		$0.TextStylePolicy = $1
		$1.TabWidth = 2
		$1.RemoveTrailingWhitespace = True
		$1.inheritsSet = VisualStudio
		$1.inheritsScope = text/plain
		$1.scope = text/x-csharp
		$0.CSharpFormattingPolicy = $2
		$2.NamespaceBraceStyle = EndOfLine
		$2.ClassBraceStyle = EndOfLine
		$2.InterfaceBraceStyle = EndOfLine
		$2.StructBraceStyle = EndOfLine
		$2.EnumBraceStyle = EndOfLine
		$2.MethodBraceStyle = EndOfLine
		$2.ConstructorBraceStyle = EndOfLine
		$2.inheritsSet = Mono
		$2.inheritsScope = text/x-csharp
		$2.scope = text/x-csharp
		$0.TextStylePolicy = $3
		$3.TabWidth = 2
		$3.RemoveTrailingWhitespace = True
		$3.inheritsSet = VisualStudio
		$3.inheritsScope = text/plain
		$3.scope = text/plain
		$0.VersionControlPolicy = $4
		$4.inheritsSet = Mono
		$0.XmlFormattingPolicy = $5
		$5.inheritsSet = Mono
		$5.inheritsScope = application/xml
		$5.scope = application/xml
		$0.ChangeLogPolicy = $6
		$6.inheritsSet = Mono
		$0.TextStylePolicy = $7
		$7.TabWidth = 2
		$7.RemoveTrailingWhitespace = True
		$7.inheritsSet = VisualStudio
		$7.inheritsScope = text/plain
		$7.scope = application/xml
		$0.TextStylePolicy = $8
		$8.TabWidth = 4
		$8.RemoveTrailingWhitespace = True
		$8.inheritsSet = Mono
		$8.inheritsScope = text/plain
		$8.scope = application/javascript
	EndGlobalSection

EndGlobal
